
Microsoft Visual Studio Solution File, Format Version 12.00
# Visual Studio 14
VisualStudioVersion = 14.0.24720.0
MinimumVisualStudioVersion = 10.0.40219.1
Project("{FAE04EC0-301F-11D3-BF4B-00C04F79EFBC}") = "serialize", "serialize\serialize.csproj", "{0692397B-A3E8-4BE5-BDA3-13907C33100C}"
EndProject
Global
	GlobalSection(SolutionConfigurationPlatforms) = preSolution
		Debug|Any CPU = Debug|Any CPU
		Release|Any CPU = Release|Any CPU
	EndGlobalSection
	GlobalSection(ProjectConfigurationPlatforms) = postSolution
		{0692397B-A3E8-4BE5-BDA3-13907C33100C}.Debug|Any CPU.ActiveCfg = Debug|Any CPU
		{0692397B-A3E8-4BE5-BDA3-13907C33100C}.Debug|Any CPU.Build.0 = Debug|Any CPU
		{0692397B-A3E8-4BE5-BDA3-13907C33100C}.Release|Any CPU.ActiveCfg = Release|Any CPU
		{0692397B-A3E8-4BE5-BDA3-13907C33100C}.Release|Any CPU.Build.0 = Release|Any CPU
	EndGlobalSection
	GlobalSection(SolutionProperties) = preSolution
		HideSolutionNode = FALSE
	EndGlobalSection
EndGlobal
